// !$*UTF8*$!
{
	archiveVersion = 1;
	classes = {
	};
	objectVersion = 77;
	objects = {

/* Begin PBXBuildFile section */
		038BDDC936F51C44239636F0 /* ToolCards.swift in Sources */ = {isa = PBXBuildFile; fileRef = 691A5D95478C1BEA6C41D851 /* ToolCards.swift */; };
		04577420B30BF962BA44E712 /* AtFilePicker.swift in Sources */ = {isa = PBXBuildFile; fileRef = 6B80ADC25852208EBDCC0BA7 /* AtFilePicker.swift */; };
		0502184B06DB8D77B2EB28BF /* GitModels.swift in Sources */ = {isa = PBXBuildFile; fileRef = F8ADAF50C6024F7DC1CED5AB /* GitModels.swift */; };
		0B8AF6C30528B0786D38498F /* MarkdownUI in Frameworks */ = {isa = PBXBuildFile; productRef = D85A973013D2FE59ECC182F4 /* MarkdownUI */; };
		14FF58C0ACCD40C590C4E172 /* VoiceSession.swift in Sources */ = {isa = PBXBuildFile; fileRef = 03EB85EB534A11AFEBB9A548 /* VoiceSession.swift */; };
		29E377D9A943083DCBE89AF4 /* ConversationNamer.swift in Sources */ = {isa = PBXBuildFile; fileRef = 55DF4DA3445654EBE1E3F69B /* ConversationNamer.swift */; };
		2EC250307F7B7C08E9DAFA61 /* FilePreviewSheet.swift in Sources */ = {isa = PBXBuildFile; fileRef = E1D069A882FF3EC3C4B44097 /* FilePreviewSheet.swift */; };
		2EFE065198E9ECF3647CA798 /* BackendClient.swift in Sources */ = {isa = PBXBuildFile; fileRef = 4E9E61B8F5FAAAD6873C8B4C /* BackendClient.swift */; };
		302B643809131259B4682595 /* HistorySessionRow.swift in Sources */ = {isa = PBXBuildFile; fileRef = 1513F54E80C419639B1D1705 /* HistorySessionRow.swift */; };
		332F0397A49A158E100D98B5 /* ProjectRegistry.swift in Sources */ = {isa = PBXBuildFile; fileRef = 592C33B52949B8FC89528D76 /* ProjectRegistry.swift */; };
		458552BC134B372A7B368750 /* InputBar.swift in Sources */ = {isa = PBXBuildFile; fileRef = 42AA631E277EDCEFDF480163 /* InputBar.swift */; };
		4AA49DDD76AE150CB43E459F /* Telemetry.swift in Sources */ = {isa = PBXBuildFile; fileRef = 45BC150255A000C4B594FB34 /* Telemetry.swift */; };
		577BE076AA69A32AC0F06F12 /* ProtocolFixtureTests.swift in Sources */ = {isa = PBXBuildFile; fileRef = 6A1FDBA5369B9FB21BC91821 /* ProtocolFixtureTests.swift */; };
		57AB27DCEB2587267E313F97 /* ContentView.swift in Sources */ = {isa = PBXBuildFile; fileRef = CA416505AC735C06A084E7EE /* ContentView.swift */; };
		69F0714A317BB99738DC18A9 /* ChatListView.swift in Sources */ = {isa = PBXBuildFile; fileRef = 2C189285FD2BC25E599008F0 /* ChatListView.swift */; };
		6AD512C6C3EBFF3A522035BF /* ConversationModels.swift in Sources */ = {isa = PBXBuildFile; fileRef = 7869FC7E7224F973A25D5A07 /* ConversationModels.swift */; };
		6F5D4B75B20EC166AFCCC9D5 /* VoiceRecorder.swift in Sources */ = {isa = PBXBuildFile; fileRef = 214D3C369B9B71EB97FA2F55 /* VoiceRecorder.swift */; };
		767A29E33E102EBAAB5F03FB /* GitAPI.swift in Sources */ = {isa = PBXBuildFile; fileRef = B1938FAC36CF48013C9205F2 /* GitAPI.swift */; };
		7777D446E5D1F743A234FCCB /* FileBrowserPanel.swift in Sources */ = {isa = PBXBuildFile; fileRef = 7E5A6AE07ADB47297221AE57 /* FileBrowserPanel.swift */; };
		951378A0506A5A38CDB9F26D /* GitGateSheet.swift in Sources */ = {isa = PBXBuildFile; fileRef = 141B19D309812F72DC751591 /* GitGateSheet.swift */; };
		9C5CCC80588E51B11C14AA5D /* TranscriptParser.swift in Sources */ = {isa = PBXBuildFile; fileRef = F13FDDA6FDAA0AB0FB743114 /* TranscriptParser.swift */; };
		9DAEEFD7C4A2F91D7444BCD0 /* TTSPlayer.swift in Sources */ = {isa = PBXBuildFile; fileRef = 283735CE8528E94F44599D41 /* TTSPlayer.swift */; };
		A5117A31C889867986B4E998 /* DirectoryPicker.swift in Sources */ = {isa = PBXBuildFile; fileRef = B4588360C6A81FAB43597D8E /* DirectoryPicker.swift */; };
		A86805111F9BBB87D5F766B8 /* Settings.swift in Sources */ = {isa = PBXBuildFile; fileRef = 5CF31E552D528619F13A5B40 /* Settings.swift */; };
		BDF1B6F1B1BAD0C95977B94A /* ConversationStore.swift in Sources */ = {isa = PBXBuildFile; fileRef = D2CF08EE066963DF8D4E840B /* ConversationStore.swift */; };
		C5294351B59BB0E0751C492A /* RunRouter.swift in Sources */ = {isa = PBXBuildFile; fileRef = 0DE3519D5D4B6BA73D2C4D5D /* RunRouter.swift */; };
		CBC22CAD60B6F38CC3E4D28B /* TelemetryDebugView.swift in Sources */ = {isa = PBXBuildFile; fileRef = 9C3CDA99E7C72B2FA85DB71A /* TelemetryDebugView.swift */; };
		D0731F6CAC254AB33956E0FB /* Protocol.swift in Sources */ = {isa = PBXBuildFile; fileRef = E90163FEB077BB408157C916 /* Protocol.swift */; };
		D236A7D09D60FE98BD6705D2 /* HealthCheckView.swift in Sources */ = {isa = PBXBuildFile; fileRef = 350011A28BB99092BDE97C46 /* HealthCheckView.swift */; };
		D26C4CDFA3EED053DDB5AF93 /* WebSocketClient.swift in Sources */ = {isa = PBXBuildFile; fileRef = BDD24330D2EB3BF5B5938822 /* WebSocketClient.swift */; };
		D9EA35CC1324C85BAFB52082 /* ProjectsAPI.swift in Sources */ = {isa = PBXBuildFile; fileRef = C686BBF22FF0FA13BF0020D7 /* ProjectsAPI.swift */; };
		DA152D4966DF3D049BCA41C2 /* SessionsAPI.swift in Sources */ = {isa = PBXBuildFile; fileRef = E02CBF7C84A20380B2383AD1 /* SessionsAPI.swift */; };
		DA75273976369895263A106F /* ClaudeWebApp.swift in Sources */ = {isa = PBXBuildFile; fileRef = E431C062B9438869B8D6E399 /* ClaudeWebApp.swift */; };
		E09093E9B0F2E9C3F716B609 /* Cache.swift in Sources */ = {isa = PBXBuildFile; fileRef = 1F8B9B0AC6F920A2B9E8A240 /* Cache.swift */; };
		ECD39FE8127CCEB3C3630235 /* SettingsView.swift in Sources */ = {isa = PBXBuildFile; fileRef = E67AEC4B21826DE8E273887E /* SettingsView.swift */; };
		ED27D43A57EAFD4C28DF5C36 /* NewConversationSheet.swift in Sources */ = {isa = PBXBuildFile; fileRef = 8E1FACCED35C3A770740F004 /* NewConversationSheet.swift */; };
		F0336354BB84D5D2A5362A95 /* FsAPI.swift in Sources */ = {isa = PBXBuildFile; fileRef = 989ACA299187F4EE9220555C /* FsAPI.swift */; };
		F4E960AF9B256452B1E59C84 /* DrawerContent.swift in Sources */ = {isa = PBXBuildFile; fileRef = CF24044B9AC2AAF0F0243B11 /* DrawerContent.swift */; };
		F72F1EAEFF34149B7BC359BE /* TitleHelper.swift in Sources */ = {isa = PBXBuildFile; fileRef = BB87B81434281D40E047F081 /* TitleHelper.swift */; };
		F772B81502ED4246E6B7968E /* Assets.xcassets in Resources */ = {isa = PBXBuildFile; fileRef = 9AF5FF381485944DDD277DA6 /* Assets.xcassets */; };
		FF8CBD5F9FCA9771CE8949A1 /* PermissionSheet.swift in Sources */ = {isa = PBXBuildFile; fileRef = AF2C287FAD57E3EE4B5AC077 /* PermissionSheet.swift */; };
/* End PBXBuildFile section */

/* Begin PBXContainerItemProxy section */
		0C2EF871824D8014FF8A8643 /* PBXContainerItemProxy */ = {
			isa = PBXContainerItemProxy;
			containerPortal = 717DA13FF387E84EC9EB94E8 /* Project object */;
			proxyType = 1;
			remoteGlobalIDString = 59BE935CE7793D344E204498;
			remoteInfo = ClaudeWeb;
		};
/* End PBXContainerItemProxy section */

/* Begin PBXFileReference section */
		03EB85EB534A11AFEBB9A548 /* VoiceSession.swift */ = {isa = PBXFileReference; lastKnownFileType = sourcecode.swift; path = VoiceSession.swift; sourceTree = "<group>"; };
		0DE3519D5D4B6BA73D2C4D5D /* RunRouter.swift */ = {isa = PBXFileReference; lastKnownFileType = sourcecode.swift; path = RunRouter.swift; sourceTree = "<group>"; };
		141B19D309812F72DC751591 /* GitGateSheet.swift */ = {isa = PBXFileReference; lastKnownFileType = sourcecode.swift; path = GitGateSheet.swift; sourceTree = "<group>"; };
		1513F54E80C419639B1D1705 /* HistorySessionRow.swift */ = {isa = PBXFileReference; lastKnownFileType = sourcecode.swift; path = HistorySessionRow.swift; sourceTree = "<group>"; };
		1F8B9B0AC6F920A2B9E8A240 /* Cache.swift */ = {isa = PBXFileReference; lastKnownFileType = sourcecode.swift; path = Cache.swift; sourceTree = "<group>"; };
		214D3C369B9B71EB97FA2F55 /* VoiceRecorder.swift */ = {isa = PBXFileReference; lastKnownFileType = sourcecode.swift; path = VoiceRecorder.swift; sourceTree = "<group>"; };
		283735CE8528E94F44599D41 /* TTSPlayer.swift */ = {isa = PBXFileReference; lastKnownFileType = sourcecode.swift; path = TTSPlayer.swift; sourceTree = "<group>"; };
		2C189285FD2BC25E599008F0 /* ChatListView.swift */ = {isa = PBXFileReference; lastKnownFileType = sourcecode.swift; path = ChatListView.swift; sourceTree = "<group>"; };
		350011A28BB99092BDE97C46 /* HealthCheckView.swift */ = {isa = PBXFileReference; lastKnownFileType = sourcecode.swift; path = HealthCheckView.swift; sourceTree = "<group>"; };
		42AA631E277EDCEFDF480163 /* InputBar.swift */ = {isa = PBXFileReference; lastKnownFileType = sourcecode.swift; path = InputBar.swift; sourceTree = "<group>"; };
		45BC150255A000C4B594FB34 /* Telemetry.swift */ = {isa = PBXFileReference; lastKnownFileType = sourcecode.swift; path = Telemetry.swift; sourceTree = "<group>"; };
		4E9E61B8F5FAAAD6873C8B4C /* BackendClient.swift */ = {isa = PBXFileReference; lastKnownFileType = sourcecode.swift; path = BackendClient.swift; sourceTree = "<group>"; };
		55DF4DA3445654EBE1E3F69B /* ConversationNamer.swift */ = {isa = PBXFileReference; lastKnownFileType = sourcecode.swift; path = ConversationNamer.swift; sourceTree = "<group>"; };
		592C33B52949B8FC89528D76 /* ProjectRegistry.swift */ = {isa = PBXFileReference; lastKnownFileType = sourcecode.swift; path = ProjectRegistry.swift; sourceTree = "<group>"; };
		5CF31E552D528619F13A5B40 /* Settings.swift */ = {isa = PBXFileReference; lastKnownFileType = sourcecode.swift; path = Settings.swift; sourceTree = "<group>"; };
		691A5D95478C1BEA6C41D851 /* ToolCards.swift */ = {isa = PBXFileReference; lastKnownFileType = sourcecode.swift; path = ToolCards.swift; sourceTree = "<group>"; };
		6A1FDBA5369B9FB21BC91821 /* ProtocolFixtureTests.swift */ = {isa = PBXFileReference; lastKnownFileType = sourcecode.swift; path = ProtocolFixtureTests.swift; sourceTree = "<group>"; };
		6B80ADC25852208EBDCC0BA7 /* AtFilePicker.swift */ = {isa = PBXFileReference; lastKnownFileType = sourcecode.swift; path = AtFilePicker.swift; sourceTree = "<group>"; };
		763A49693E0CE52A2C691B3C /* Info.plist */ = {isa = PBXFileReference; lastKnownFileType = text.plist; path = Info.plist; sourceTree = "<group>"; };
		7869FC7E7224F973A25D5A07 /* ConversationModels.swift */ = {isa = PBXFileReference; lastKnownFileType = sourcecode.swift; path = ConversationModels.swift; sourceTree = "<group>"; };
		7CAC5820B96A0B62BECEA82D /* ClaudeWeb.app */ = {isa = PBXFileReference; includeInIndex = 0; lastKnownFileType = wrapper.application; path = ClaudeWeb.app; sourceTree = BUILT_PRODUCTS_DIR; };
		7E5A6AE07ADB47297221AE57 /* FileBrowserPanel.swift */ = {isa = PBXFileReference; lastKnownFileType = sourcecode.swift; path = FileBrowserPanel.swift; sourceTree = "<group>"; };
		8E1FACCED35C3A770740F004 /* NewConversationSheet.swift */ = {isa = PBXFileReference; lastKnownFileType = sourcecode.swift; path = NewConversationSheet.swift; sourceTree = "<group>"; };
		950F8E2DCA452C46977B3762 /* ClaudeWebTests.xctest */ = {isa = PBXFileReference; includeInIndex = 0; lastKnownFileType = wrapper.cfbundle; path = ClaudeWebTests.xctest; sourceTree = BUILT_PRODUCTS_DIR; };
		989ACA299187F4EE9220555C /* FsAPI.swift */ = {isa = PBXFileReference; lastKnownFileType = sourcecode.swift; path = FsAPI.swift; sourceTree = "<group>"; };
		9AF5FF381485944DDD277DA6 /* Assets.xcassets */ = {isa = PBXFileReference; lastKnownFileType = folder.assetcatalog; path = Assets.xcassets; sourceTree = "<group>"; };
		9C3CDA99E7C72B2FA85DB71A /* TelemetryDebugView.swift */ = {isa = PBXFileReference; lastKnownFileType = sourcecode.swift; path = TelemetryDebugView.swift; sourceTree = "<group>"; };
		AF2C287FAD57E3EE4B5AC077 /* PermissionSheet.swift */ = {isa = PBXFileReference; lastKnownFileType = sourcecode.swift; path = PermissionSheet.swift; sourceTree = "<group>"; };
		B1938FAC36CF48013C9205F2 /* GitAPI.swift */ = {isa = PBXFileReference; lastKnownFileType = sourcecode.swift; path = GitAPI.swift; sourceTree = "<group>"; };
		B4588360C6A81FAB43597D8E /* DirectoryPicker.swift */ = {isa = PBXFileReference; lastKnownFileType = sourcecode.swift; path = DirectoryPicker.swift; sourceTree = "<group>"; };
		BB87B81434281D40E047F081 /* TitleHelper.swift */ = {isa = PBXFileReference; lastKnownFileType = sourcecode.swift; path = TitleHelper.swift; sourceTree = "<group>"; };
		BDD24330D2EB3BF5B5938822 /* WebSocketClient.swift */ = {isa = PBXFileReference; lastKnownFileType = sourcecode.swift; path = WebSocketClient.swift; sourceTree = "<group>"; };
		C686BBF22FF0FA13BF0020D7 /* ProjectsAPI.swift */ = {isa = PBXFileReference; lastKnownFileType = sourcecode.swift; path = ProjectsAPI.swift; sourceTree = "<group>"; };
		CA416505AC735C06A084E7EE /* ContentView.swift */ = {isa = PBXFileReference; lastKnownFileType = sourcecode.swift; path = ContentView.swift; sourceTree = "<group>"; };
		CF24044B9AC2AAF0F0243B11 /* DrawerContent.swift */ = {isa = PBXFileReference; lastKnownFileType = sourcecode.swift; path = DrawerContent.swift; sourceTree = "<group>"; };
		D2CF08EE066963DF8D4E840B /* ConversationStore.swift */ = {isa = PBXFileReference; lastKnownFileType = sourcecode.swift; path = ConversationStore.swift; sourceTree = "<group>"; };
		E02CBF7C84A20380B2383AD1 /* SessionsAPI.swift */ = {isa = PBXFileReference; lastKnownFileType = sourcecode.swift; path = SessionsAPI.swift; sourceTree = "<group>"; };
		E1D069A882FF3EC3C4B44097 /* FilePreviewSheet.swift */ = {isa = PBXFileReference; lastKnownFileType = sourcecode.swift; path = FilePreviewSheet.swift; sourceTree = "<group>"; };
		E431C062B9438869B8D6E399 /* ClaudeWebApp.swift */ = {isa = PBXFileReference; lastKnownFileType = sourcecode.swift; path = ClaudeWebApp.swift; sourceTree = "<group>"; };
		E67AEC4B21826DE8E273887E /* SettingsView.swift */ = {isa = PBXFileReference; lastKnownFileType = sourcecode.swift; path = SettingsView.swift; sourceTree = "<group>"; };
		E90163FEB077BB408157C916 /* Protocol.swift */ = {isa = PBXFileReference; lastKnownFileType = sourcecode.swift; path = Protocol.swift; sourceTree = "<group>"; };
		F13FDDA6FDAA0AB0FB743114 /* TranscriptParser.swift */ = {isa = PBXFileReference; lastKnownFileType = sourcecode.swift; path = TranscriptParser.swift; sourceTree = "<group>"; };
		F8ADAF50C6024F7DC1CED5AB /* GitModels.swift */ = {isa = PBXFileReference; lastKnownFileType = sourcecode.swift; path = GitModels.swift; sourceTree = "<group>"; };
/* End PBXFileReference section */

/* Begin PBXFrameworksBuildPhase section */
		8F914BCB3C3011BC4D70DAC5 /* Frameworks */ = {
			isa = PBXFrameworksBuildPhase;
			buildActionMask = 2147483647;
			files = (
				0B8AF6C30528B0786D38498F /* MarkdownUI in Frameworks */,
			);
			runOnlyForDeploymentPostprocessing = 0;
		};
/* End PBXFrameworksBuildPhase section */

/* Begin PBXGroup section */
		2798789DA8FDEFC459E5E862 /* Drawer */ = {
			isa = PBXGroup;
			children = (
				CF24044B9AC2AAF0F0243B11 /* DrawerContent.swift */,
				1513F54E80C419639B1D1705 /* HistorySessionRow.swift */,
			);
			path = Drawer;
			sourceTree = "<group>";
		};
		2819E4E7D4A6B0F8DA0B3574 /* Conversations */ = {
			isa = PBXGroup;
			children = (
				D2CF08EE066963DF8D4E840B /* ConversationStore.swift */,
				0DE3519D5D4B6BA73D2C4D5D /* RunRouter.swift */,
			);
			path = Conversations;
			sourceTree = "<group>";
		};
		372B5A9E9C6CE18DB84AEF27 /* ClaudeWebTests */ = {
			isa = PBXGroup;
			children = (
				6A1FDBA5369B9FB21BC91821 /* ProtocolFixtureTests.swift */,
			);
			path = ClaudeWebTests;
			sourceTree = "<group>";
		};
		3BE25D6B07CC3925258BCA3F /* ClaudeWeb */ = {
			isa = PBXGroup;
			children = (
				2819E4E7D4A6B0F8DA0B3574 /* Conversations */,
				F2E2E57C82386E7E0BADE981 /* Models */,
				60865AB66DC4C76EE13C09E6 /* Networking */,
				6D9E9D6C8B524E849E6C129F /* Views */,
				9AF5FF381485944DDD277DA6 /* Assets.xcassets */,
				4E9E61B8F5FAAAD6873C8B4C /* BackendClient.swift */,
				1F8B9B0AC6F920A2B9E8A240 /* Cache.swift */,
				E431C062B9438869B8D6E399 /* ClaudeWebApp.swift */,
				CA416505AC735C06A084E7EE /* ContentView.swift */,
				55DF4DA3445654EBE1E3F69B /* ConversationNamer.swift */,
				B4588360C6A81FAB43597D8E /* DirectoryPicker.swift */,
				989ACA299187F4EE9220555C /* FsAPI.swift */,
				B1938FAC36CF48013C9205F2 /* GitAPI.swift */,
				763A49693E0CE52A2C691B3C /* Info.plist */,
				592C33B52949B8FC89528D76 /* ProjectRegistry.swift */,
				C686BBF22FF0FA13BF0020D7 /* ProjectsAPI.swift */,
				E90163FEB077BB408157C916 /* Protocol.swift */,
				E02CBF7C84A20380B2383AD1 /* SessionsAPI.swift */,
				5CF31E552D528619F13A5B40 /* Settings.swift */,
				45BC150255A000C4B594FB34 /* Telemetry.swift */,
				BB87B81434281D40E047F081 /* TitleHelper.swift */,
				691A5D95478C1BEA6C41D851 /* ToolCards.swift */,
				F13FDDA6FDAA0AB0FB743114 /* TranscriptParser.swift */,
				283735CE8528E94F44599D41 /* TTSPlayer.swift */,
				214D3C369B9B71EB97FA2F55 /* VoiceRecorder.swift */,
				03EB85EB534A11AFEBB9A548 /* VoiceSession.swift */,
			);
			name = ClaudeWeb;
			path = Sources/ClaudeWeb;
			sourceTree = "<group>";
		};
		60865AB66DC4C76EE13C09E6 /* Networking */ = {
			isa = PBXGroup;
			children = (
				BDD24330D2EB3BF5B5938822 /* WebSocketClient.swift */,
			);
			path = Networking;
			sourceTree = "<group>";
		};
		6D9E9D6C8B524E849E6C129F /* Views */ = {
			isa = PBXGroup;
			children = (
				D1E3B38375A4390DE63C796C /* Chat */,
				2798789DA8FDEFC459E5E862 /* Drawer */,
				97E2EB9F4948B2230A07743F /* Settings */,
				7E5A6AE07ADB47297221AE57 /* FileBrowserPanel.swift */,
				E1D069A882FF3EC3C4B44097 /* FilePreviewSheet.swift */,
				141B19D309812F72DC751591 /* GitGateSheet.swift */,
				8E1FACCED35C3A770740F004 /* NewConversationSheet.swift */,
				AF2C287FAD57E3EE4B5AC077 /* PermissionSheet.swift */,
			);
			path = Views;
			sourceTree = "<group>";
		};
		97E2EB9F4948B2230A07743F /* Settings */ = {
			isa = PBXGroup;
			children = (
				350011A28BB99092BDE97C46 /* HealthCheckView.swift */,
				E67AEC4B21826DE8E273887E /* SettingsView.swift */,
				9C3CDA99E7C72B2FA85DB71A /* TelemetryDebugView.swift */,
			);
			path = Settings;
			sourceTree = "<group>";
		};
		A0D0852916E74685EF8CFADB /* Products */ = {
			isa = PBXGroup;
			children = (
				7CAC5820B96A0B62BECEA82D /* ClaudeWeb.app */,
				950F8E2DCA452C46977B3762 /* ClaudeWebTests.xctest */,
			);
			name = Products;
			sourceTree = "<group>";
		};
		D1E3B38375A4390DE63C796C /* Chat */ = {
			isa = PBXGroup;
			children = (
				6B80ADC25852208EBDCC0BA7 /* AtFilePicker.swift */,
				2C189285FD2BC25E599008F0 /* ChatListView.swift */,
				42AA631E277EDCEFDF480163 /* InputBar.swift */,
			);
			path = Chat;
			sourceTree = "<group>";
		};
		D381DC55AE0EB827C087F12A = {
			isa = PBXGroup;
			children = (
				3BE25D6B07CC3925258BCA3F /* ClaudeWeb */,
				372B5A9E9C6CE18DB84AEF27 /* ClaudeWebTests */,
				A0D0852916E74685EF8CFADB /* Products */,
			);
			sourceTree = "<group>";
		};
		F2E2E57C82386E7E0BADE981 /* Models */ = {
			isa = PBXGroup;
			children = (
				7869FC7E7224F973A25D5A07 /* ConversationModels.swift */,
				F8ADAF50C6024F7DC1CED5AB /* GitModels.swift */,
			);
			path = Models;
			sourceTree = "<group>";
		};
/* End PBXGroup section */

/* Begin PBXNativeTarget section */
		271B86341CD3173BC9C3D129 /* ClaudeWebTests */ = {
			isa = PBXNativeTarget;
			buildConfigurationList = D42A4B809B42D2DB4D347D03 /* Build configuration list for PBXNativeTarget "ClaudeWebTests" */;
			buildPhases = (
				7F85EECE6F336C1AC92D9245 /* Sources */,
			);
			buildRules = (
			);
			dependencies = (
				21CCAFE0A398B4AA41367B27 /* PBXTargetDependency */,
			);
			name = ClaudeWebTests;
			packageProductDependencies = (
			);
			productName = ClaudeWebTests;
			productReference = 950F8E2DCA452C46977B3762 /* ClaudeWebTests.xctest */;
			productType = "com.apple.product-type.bundle.unit-test";
		};
		59BE935CE7793D344E204498 /* ClaudeWeb */ = {
			isa = PBXNativeTarget;
			buildConfigurationList = C2ACC60090096479411F9D21 /* Build configuration list for PBXNativeTarget "ClaudeWeb" */;
			buildPhases = (
				4A8EEA77BEF4BA830F0000B7 /* Sources */,
				32C5AF7310C4BE9CE4357E67 /* Resources */,
				8F914BCB3C3011BC4D70DAC5 /* Frameworks */,
			);
			buildRules = (
			);
			dependencies = (
			);
			name = ClaudeWeb;
			packageProductDependencies = (
				D85A973013D2FE59ECC182F4 /* MarkdownUI */,
			);
			productName = ClaudeWeb;
			productReference = 7CAC5820B96A0B62BECEA82D /* ClaudeWeb.app */;
			productType = "com.apple.product-type.application";
		};
/* End PBXNativeTarget section */

/* Begin PBXProject section */
		717DA13FF387E84EC9EB94E8 /* Project object */ = {
			isa = PBXProject;
			attributes = {
				BuildIndependentTargetsInParallel = YES;
				LastUpgradeCheck = 1430;
				TargetAttributes = {
					271B86341CD3173BC9C3D129 = {
						DevelopmentTeam = V84XLAQ28F;
					};
					59BE935CE7793D344E204498 = {
						DevelopmentTeam = V84XLAQ28F;
					};
				};
			};
			buildConfigurationList = 939E0AF79F0671BA7F46EBC6 /* Build configuration list for PBXProject "ClaudeWeb" */;
			developmentRegion = en;
			hasScannedForEncodings = 0;
			knownRegions = (
				Base,
				en,
			);
			mainGroup = D381DC55AE0EB827C087F12A;
			minimizedProjectReferenceProxies = 1;
			packageReferences = (
				1FE20B079C84B75007F14289 /* XCRemoteSwiftPackageReference "swift-markdown-ui" */,
			);
			preferredProjectObjectVersion = 77;
			productRefGroup = A0D0852916E74685EF8CFADB /* Products */;
			projectDirPath = "";
			projectRoot = "";
			targets = (
				59BE935CE7793D344E204498 /* ClaudeWeb */,
				271B86341CD3173BC9C3D129 /* ClaudeWebTests */,
			);
		};
/* End PBXProject section */

/* Begin PBXResourcesBuildPhase section */
		32C5AF7310C4BE9CE4357E67 /* Resources */ = {
			isa = PBXResourcesBuildPhase;
			buildActionMask = 2147483647;
			files = (
				F772B81502ED4246E6B7968E /* Assets.xcassets in Resources */,
			);
			runOnlyForDeploymentPostprocessing = 0;
		};
/* End PBXResourcesBuildPhase section */

/* Begin PBXSourcesBuildPhase section */
		4A8EEA77BEF4BA830F0000B7 /* Sources */ = {
			isa = PBXSourcesBuildPhase;
			buildActionMask = 2147483647;
			files = (
				04577420B30BF962BA44E712 /* AtFilePicker.swift in Sources */,
				2EFE065198E9ECF3647CA798 /* BackendClient.swift in Sources */,
				E09093E9B0F2E9C3F716B609 /* Cache.swift in Sources */,
				69F0714A317BB99738DC18A9 /* ChatListView.swift in Sources */,
				DA75273976369895263A106F /* ClaudeWebApp.swift in Sources */,
				57AB27DCEB2587267E313F97 /* ContentView.swift in Sources */,
				6AD512C6C3EBFF3A522035BF /* ConversationModels.swift in Sources */,
				29E377D9A943083DCBE89AF4 /* ConversationNamer.swift in Sources */,
				BDF1B6F1B1BAD0C95977B94A /* ConversationStore.swift in Sources */,
				A5117A31C889867986B4E998 /* DirectoryPicker.swift in Sources */,
				F4E960AF9B256452B1E59C84 /* DrawerContent.swift in Sources */,
				7777D446E5D1F743A234FCCB /* FileBrowserPanel.swift in Sources */,
				2EC250307F7B7C08E9DAFA61 /* FilePreviewSheet.swift in Sources */,
				F0336354BB84D5D2A5362A95 /* FsAPI.swift in Sources */,
				767A29E33E102EBAAB5F03FB /* GitAPI.swift in Sources */,
				951378A0506A5A38CDB9F26D /* GitGateSheet.swift in Sources */,
				0502184B06DB8D77B2EB28BF /* GitModels.swift in Sources */,
				D236A7D09D60FE98BD6705D2 /* HealthCheckView.swift in Sources */,
				302B643809131259B4682595 /* HistorySessionRow.swift in Sources */,
				458552BC134B372A7B368750 /* InputBar.swift in Sources */,
				ED27D43A57EAFD4C28DF5C36 /* NewConversationSheet.swift in Sources */,
				FF8CBD5F9FCA9771CE8949A1 /* PermissionSheet.swift in Sources */,
				332F0397A49A158E100D98B5 /* ProjectRegistry.swift in Sources */,
				D9EA35CC1324C85BAFB52082 /* ProjectsAPI.swift in Sources */,
				D0731F6CAC254AB33956E0FB /* Protocol.swift in Sources */,
				C5294351B59BB0E0751C492A /* RunRouter.swift in Sources */,
				DA152D4966DF3D049BCA41C2 /* SessionsAPI.swift in Sources */,
				A86805111F9BBB87D5F766B8 /* Settings.swift in Sources */,
				ECD39FE8127CCEB3C3630235 /* SettingsView.swift in Sources */,
				9DAEEFD7C4A2F91D7444BCD0 /* TTSPlayer.swift in Sources */,
				4AA49DDD76AE150CB43E459F /* Telemetry.swift in Sources */,
				CBC22CAD60B6F38CC3E4D28B /* TelemetryDebugView.swift in Sources */,
				F72F1EAEFF34149B7BC359BE /* TitleHelper.swift in Sources */,
				038BDDC936F51C44239636F0 /* ToolCards.swift in Sources */,
				9C5CCC80588E51B11C14AA5D /* TranscriptParser.swift in Sources */,
				6F5D4B75B20EC166AFCCC9D5 /* VoiceRecorder.swift in Sources */,
				14FF58C0ACCD40C590C4E172 /* VoiceSession.swift in Sources */,
				D26C4CDFA3EED053DDB5AF93 /* WebSocketClient.swift in Sources */,
			);
			runOnlyForDeploymentPostprocessing = 0;
		};
		7F85EECE6F336C1AC92D9245 /* Sources */ = {
			isa = PBXSourcesBuildPhase;
			buildActionMask = 2147483647;
			files = (
				577BE076AA69A32AC0F06F12 /* ProtocolFixtureTests.swift in Sources */,
			);
			runOnlyForDeploymentPostprocessing = 0;
		};
/* End PBXSourcesBuildPhase section */

/* Begin PBXTargetDependency section */
		21CCAFE0A398B4AA41367B27 /* PBXTargetDependency */ = {
			isa = PBXTargetDependency;
			target = 59BE935CE7793D344E204498 /* ClaudeWeb */;
			targetProxy = 0C2EF871824D8014FF8A8643 /* PBXContainerItemProxy */;
		};
/* End PBXTargetDependency section */

/* Begin XCBuildConfiguration section */
		153AAF576A8A01F568EDBFE2 /* Release */ = {
			isa = XCBuildConfiguration;
			buildSettings = {
				ASSETCATALOG_COMPILER_APPICON_NAME = AppIcon;
				CODE_SIGN_IDENTITY = "iPhone Developer";
				INFOPLIST_FILE = Sources/ClaudeWeb/Info.plist;
				LD_RUNPATH_SEARCH_PATHS = (
					"$(inherited)",
					"@executable_path/Frameworks",
				);
				PRODUCT_BUNDLE_IDENTIFIER = "com.albertsun6.claudeweb-native";
				SDKROOT = iphoneos;
				SUPPORTS_MACCATALYST = NO;
				TARGETED_DEVICE_FAMILY = 1;
			};
			name = Release;
		};
		41CD5DED77E6C5A92CEA6AE0 /* Debug */ = {
			isa = XCBuildConfiguration;
			buildSettings = {
				ALWAYS_SEARCH_USER_PATHS = NO;
				CLANG_ANALYZER_NONNULL = YES;
				CLANG_ANALYZER_NUMBER_OBJECT_CONVERSION = YES_AGGRESSIVE;
				CLANG_CXX_LANGUAGE_STANDARD = "gnu++14";
				CLANG_CXX_LIBRARY = "libc++";
				CLANG_ENABLE_MODULES = YES;
				CLANG_ENABLE_OBJC_ARC = YES;
				CLANG_ENABLE_OBJC_WEAK = YES;
				CLANG_WARN_BLOCK_CAPTURE_AUTORELEASING = YES;
				CLANG_WARN_BOOL_CONVERSION = YES;
				CLANG_WARN_COMMA = YES;
				CLANG_WARN_CONSTANT_CONVERSION = YES;
				CLANG_WARN_DEPRECATED_OBJC_IMPLEMENTATIONS = YES;
				CLANG_WARN_DIRECT_OBJC_ISA_USAGE = YES_ERROR;
				CLANG_WARN_DOCUMENTATION_COMMENTS = YES;
				CLANG_WARN_EMPTY_BODY = YES;
				CLANG_WARN_ENUM_CONVERSION = YES;
				CLANG_WARN_INFINITE_RECURSION = YES;
				CLANG_WARN_INT_CONVERSION = YES;
				CLANG_WARN_NON_LITERAL_NULL_CONVERSION = YES;
				CLANG_WARN_OBJC_IMPLICIT_RETAIN_SELF = YES;
				CLANG_WARN_OBJC_LITERAL_CONVERSION = YES;
				CLANG_WARN_OBJC_ROOT_CLASS = YES_ERROR;
				CLANG_WARN_QUOTED_INCLUDE_IN_FRAMEWORK_HEADER = YES;
				CLANG_WARN_RANGE_LOOP_ANALYSIS = YES;
				CLANG_WARN_STRICT_PROTOTYPES = YES;
				CLANG_WARN_SUSPICIOUS_MOVE = YES;
				CLANG_WARN_UNGUARDED_AVAILABILITY = YES_AGGRESSIVE;
				CLANG_WARN_UNREACHABLE_CODE = YES;
				CLANG_WARN__DUPLICATE_METHOD_MATCH = YES;
				COPY_PHASE_STRIP = NO;
				CURRENT_PROJECT_VERSION = 4;
				DEBUG_INFORMATION_FORMAT = dwarf;
				DEVELOPMENT_TEAM = V84XLAQ28F;
				ENABLE_STRICT_OBJC_MSGSEND = YES;
				ENABLE_TESTABILITY = YES;
				ENABLE_USER_SCRIPT_SANDBOXING = NO;
				GCC_C_LANGUAGE_STANDARD = gnu11;
				GCC_DYNAMIC_NO_PIC = NO;
				GCC_NO_COMMON_BLOCKS = YES;
				GCC_OPTIMIZATION_LEVEL = 0;
				GCC_PREPROCESSOR_DEFINITIONS = (
					"$(inherited)",
					"DEBUG=1",
				);
				GCC_WARN_64_TO_32_BIT_CONVERSION = YES;
				GCC_WARN_ABOUT_RETURN_TYPE = YES_ERROR;
				GCC_WARN_UNDECLARED_SELECTOR = YES;
				GCC_WARN_UNINITIALIZED_AUTOS = YES_AGGRESSIVE;
				GCC_WARN_UNUSED_FUNCTION = YES;
				GCC_WARN_UNUSED_VARIABLE = YES;
				IPHONEOS_DEPLOYMENT_TARGET = 17.0;
				MARKETING_VERSION = 0.2.1;
				MTL_ENABLE_DEBUG_INFO = INCLUDE_SOURCE;
				MTL_FAST_MATH = YES;
				ONLY_ACTIVE_ARCH = YES;
				PRODUCT_NAME = "$(TARGET_NAME)";
				SDKROOT = iphoneos;
				SWIFT_ACTIVE_COMPILATION_CONDITIONS = DEBUG;
				SWIFT_OPTIMIZATION_LEVEL = "-Onone";
				SWIFT_STRICT_CONCURRENCY = minimal;
				SWIFT_VERSION = 5.9;
			};
			name = Debug;
		};
		7515FD0B8E42E94DE94FE2A3 /* Debug */ = {
			isa = XCBuildConfiguration;
			buildSettings = {
				BUNDLE_LOADER = "$(TEST_HOST)";
				GENERATE_INFOPLIST_FILE = YES;
				INFOPLIST_KEY_UIDeviceFamily = "[1]";
				LD_RUNPATH_SEARCH_PATHS = (
					"$(inherited)",
					"@executable_path/Frameworks",
					"@loader_path/Frameworks",
				);
				PRODUCT_BUNDLE_IDENTIFIER = "com.albertsun6.claudeweb-native.tests";
				SDKROOT = iphoneos;
				TARGETED_DEVICE_FAMILY = "1,2";
				TEST_HOST = "$(BUILT_PRODUCTS_DIR)/ClaudeWeb.app/ClaudeWeb";
			};
			name = Debug;
		};
		822B8840AA2FB6586B7F6799 /* Release */ = {
			isa = XCBuildConfiguration;
			buildSettings = {
				ALWAYS_SEARCH_USER_PATHS = NO;
				CLANG_ANALYZER_NONNULL = YES;
				CLANG_ANALYZER_NUMBER_OBJECT_CONVERSION = YES_AGGRESSIVE;
				CLANG_CXX_LANGUAGE_STANDARD = "gnu++14";
				CLANG_CXX_LIBRARY = "libc++";
				CLANG_ENABLE_MODULES = YES;
				CLANG_ENABLE_OBJC_ARC = YES;
				CLANG_ENABLE_OBJC_WEAK = YES;
				CLANG_WARN_BLOCK_CAPTURE_AUTORELEASING = YES;
				CLANG_WARN_BOOL_CONVERSION = YES;
				CLANG_WARN_COMMA = YES;
				CLANG_WARN_CONSTANT_CONVERSION = YES;
				CLANG_WARN_DEPRECATED_OBJC_IMPLEMENTATIONS = YES;
				CLANG_WARN_DIRECT_OBJC_ISA_USAGE = YES_ERROR;
				CLANG_WARN_DOCUMENTATION_COMMENTS = YES;
				CLANG_WARN_EMPTY_BODY = YES;
				CLANG_WARN_ENUM_CONVERSION = YES;
				CLANG_WARN_INFINITE_RECURSION = YES;
				CLANG_WARN_INT_CONVERSION = YES;
				CLANG_WARN_NON_LITERAL_NULL_CONVERSION = YES;
				CLANG_WARN_OBJC_IMPLICIT_RETAIN_SELF = YES;
				CLANG_WARN_OBJC_LITERAL_CONVERSION = YES;
				CLANG_WARN_OBJC_ROOT_CLASS = YES_ERROR;
				CLANG_WARN_QUOTED_INCLUDE_IN_FRAMEWORK_HEADER = YES;
				CLANG_WARN_RANGE_LOOP_ANALYSIS = YES;
				CLANG_WARN_STRICT_PROTOTYPES = YES;
				CLANG_WARN_SUSPICIOUS_MOVE = YES;
				CLANG_WARN_UNGUARDED_AVAILABILITY = YES_AGGRESSIVE;
				CLANG_WARN_UNREACHABLE_CODE = YES;
				CLANG_WARN__DUPLICATE_METHOD_MATCH = YES;
				COPY_PHASE_STRIP = NO;
				CURRENT_PROJECT_VERSION = 4;
				DEBUG_INFORMATION_FORMAT = "dwarf-with-dsym";
				DEVELOPMENT_TEAM = V84XLAQ28F;
				ENABLE_NS_ASSERTIONS = NO;
				ENABLE_STRICT_OBJC_MSGSEND = YES;
				ENABLE_USER_SCRIPT_SANDBOXING = NO;
				GCC_C_LANGUAGE_STANDARD = gnu11;
				GCC_NO_COMMON_BLOCKS = YES;
				GCC_WARN_64_TO_32_BIT_CONVERSION = YES;
				GCC_WARN_ABOUT_RETURN_TYPE = YES_ERROR;
				GCC_WARN_UNDECLARED_SELECTOR = YES;
				GCC_WARN_UNINITIALIZED_AUTOS = YES_AGGRESSIVE;
				GCC_WARN_UNUSED_FUNCTION = YES;
				GCC_WARN_UNUSED_VARIABLE = YES;
				IPHONEOS_DEPLOYMENT_TARGET = 17.0;
				MARKETING_VERSION = 0.2.1;
				MTL_ENABLE_DEBUG_INFO = NO;
				MTL_FAST_MATH = YES;
				PRODUCT_NAME = "$(TARGET_NAME)";
				SDKROOT = iphoneos;
				SWIFT_COMPILATION_MODE = wholemodule;
				SWIFT_OPTIMIZATION_LEVEL = "-O";
				SWIFT_STRICT_CONCURRENCY = minimal;
				SWIFT_VERSION = 5.9;
			};
			name = Release;
		};
		B1EEA0FC4FC93A71A5A65539 /* Debug */ = {
			isa = XCBuildConfiguration;
			buildSettings = {
				ASSETCATALOG_COMPILER_APPICON_NAME = AppIcon;
				CODE_SIGN_IDENTITY = "iPhone Developer";
				INFOPLIST_FILE = Sources/ClaudeWeb/Info.plist;
				LD_RUNPATH_SEARCH_PATHS = (
					"$(inherited)",
					"@executable_path/Frameworks",
				);
				PRODUCT_BUNDLE_IDENTIFIER = "com.albertsun6.claudeweb-native";
				SDKROOT = iphoneos;
				SUPPORTS_MACCATALYST = NO;
				TARGETED_DEVICE_FAMILY = 1;
			};
			name = Debug;
		};
		DD76F6B3089EA93A0B7F148F /* Release */ = {
			isa = XCBuildConfiguration;
			buildSettings = {
				BUNDLE_LOADER = "$(TEST_HOST)";
				GENERATE_INFOPLIST_FILE = YES;
				INFOPLIST_KEY_UIDeviceFamily = "[1]";
				LD_RUNPATH_SEARCH_PATHS = (
					"$(inherited)",
					"@executable_path/Frameworks",
					"@loader_path/Frameworks",
				);
				PRODUCT_BUNDLE_IDENTIFIER = "com.albertsun6.claudeweb-native.tests";
				SDKROOT = iphoneos;
				TARGETED_DEVICE_FAMILY = "1,2";
				TEST_HOST = "$(BUILT_PRODUCTS_DIR)/ClaudeWeb.app/ClaudeWeb";
			};
			name = Release;
		};
/* End XCBuildConfiguration section */

/* Begin XCConfigurationList section */
		939E0AF79F0671BA7F46EBC6 /* Build configuration list for PBXProject "ClaudeWeb" */ = {
			isa = XCConfigurationList;
			buildConfigurations = (
				41CD5DED77E6C5A92CEA6AE0 /* Debug */,
				822B8840AA2FB6586B7F6799 /* Release */,
			);
			defaultConfigurationIsVisible = 0;
			defaultConfigurationName = Debug;
		};
		C2ACC60090096479411F9D21 /* Build configuration list for PBXNativeTarget "ClaudeWeb" */ = {
			isa = XCConfigurationList;
			buildConfigurations = (
				B1EEA0FC4FC93A71A5A65539 /* Debug */,
				153AAF576A8A01F568EDBFE2 /* Release */,
			);
			defaultConfigurationIsVisible = 0;
			defaultConfigurationName = Debug;
		};
		D42A4B809B42D2DB4D347D03 /* Build configuration list for PBXNativeTarget "ClaudeWebTests" */ = {
			isa = XCConfigurationList;
			buildConfigurations = (
				7515FD0B8E42E94DE94FE2A3 /* Debug */,
				DD76F6B3089EA93A0B7F148F /* Release */,
			);
			defaultConfigurationIsVisible = 0;
			defaultConfigurationName = Debug;
		};
/* End XCConfigurationList section */

/* Begin XCRemoteSwiftPackageReference section */
		1FE20B079C84B75007F14289 /* XCRemoteSwiftPackageReference "swift-markdown-ui" */ = {
			isa = XCRemoteSwiftPackageReference;
			repositoryURL = "https://github.com/gonzalezreal/swift-markdown-ui";
			requirement = {
				kind = upToNextMajorVersion;
				minimumVersion = 2.4.0;
			};
		};
/* End XCRemoteSwiftPackageReference section */

/* Begin XCSwiftPackageProductDependency section */
		D85A973013D2FE59ECC182F4 /* MarkdownUI */ = {
			isa = XCSwiftPackageProductDependency;
			package = 1FE20B079C84B75007F14289 /* XCRemoteSwiftPackageReference "swift-markdown-ui" */;
			productName = MarkdownUI;
		};
/* End XCSwiftPackageProductDependency section */
	};
	rootObject = 717DA13FF387E84EC9EB94E8 /* Project object */;
}
